<?xml version="1.0" encoding="utf-8"?>
<Project ToolsVersion="4.0" xmlns="http://schemas.microsoft.com/developer/msbuild/2003">
  <ItemGroup>
    <Filter Include="소스 파일">
      <UniqueIdentifier>{4FC737F1-C7A5-4376-A066-2A32D752A2FF}</UniqueIdentifier>
      <Extensions>cpp;c;cc;cxx;c++;cppm;ixx;def;odl;idl;hpj;bat;asm;asmx</Extensions>
    </Filter>
    <Filter Include="헤더 파일">
      <UniqueIdentifier>{93995380-89BD-4b04-88EB-625FBE52EBFB}</UniqueIdentifier>
      <Extensions>h;hh;hpp;hxx;h++;hm;inl;inc;ipp;xsd</Extensions>
    </Filter>
    <Filter Include="리소스 파일">
      <UniqueIdentifier>{67DA6AB6-F800-4c08-8B7A-83BB121AAD01}</UniqueIdentifier>
      <Extensions>rc;ico;cur;bmp;dlg;rc2;rct;bin;rgs;gif;jpg;jpeg;jpe;resx;tiff;tif;png;wav;mfcribbon-ms</Extensions>
    </Filter>
    <Filter Include="소스 파일\그리디알고리즘">
      <UniqueIdentifier>{731b5ffc-a064-4f20-8eed-660fb5b185a3}</UniqueIdentifier>
    </Filter>
  </ItemGroup>
  <ItemGroup>
    <ClCompile Include="문제1-2 A+B.cpp">
      <Filter>소스 파일</Filter>
    </ClCompile>
    <ClCompile Include="1-3 A-B.cpp">
      <Filter>소스 파일</Filter>
    </ClCompile>
    <ClCompile Include="문제 1-4 AxB.cpp">
      <Filter>소스 파일</Filter>
    </ClCompile>
    <ClCompile Include="문제1-5 A B 나누기.cpp">
      <Filter>소스 파일</Filter>
    </ClCompile>
    <ClCompile Include="문제1-6_사칙연산.cpp">
      <Filter>소스 파일</Filter>
    </ClCompile>
    <ClCompile Include="문제1-7!.cpp">
      <Filter>소스 파일</Filter>
    </ClCompile>
    <ClCompile Include="문제1-8_년도.cpp">
      <Filter>소스 파일</Filter>
    </ClCompile>
    <ClCompile Include="문제1-9 나머지.cpp">
      <Filter>소스 파일</Filter>
    </ClCompile>
    <ClCompile Include="문제 1-10 곱셈.cpp">
      <Filter>소스 파일</Filter>
    </ClCompile>
    <ClCompile Include="문제 1-11꼬마정민.cpp">
      <Filter>소스 파일</Filter>
    </ClCompile>
    <ClCompile Include="문제 2-1 두수 비교.cpp">
      <Filter>소스 파일</Filter>
    </ClCompile>
    <ClCompile Include="문제2-2 시험성적.cpp">
      <Filter>소스 파일</Filter>
    </ClCompile>
    <ClCompile Include="문제2-3 윤년.cpp">
      <Filter>소스 파일</Filter>
    </ClCompile>
    <ClCompile Include="문제2-4 사분면고르기.cpp">
      <Filter>소스 파일</Filter>
    </ClCompile>
    <ClCompile Include="문제2-5 알람시계.cpp">
      <Filter>소스 파일</Filter>
    </ClCompile>
    <ClCompile Include="문제 2-6 오븐시계.cpp">
      <Filter>소스 파일</Filter>
    </ClCompile>
    <ClCompile Include="문제 2-7 주사위 세개.cpp">
      <Filter>소스 파일</Filter>
    </ClCompile>
    <ClCompile Include="문제 3-1 구구단.cpp">
      <Filter>소스 파일</Filter>
    </ClCompile>
    <ClCompile Include="문제 3-2 A+B-3.cpp">
      <Filter>소스 파일</Filter>
    </ClCompile>
    <ClCompile Include="문제 3-3 합.cpp">
      <Filter>소스 파일</Filter>
    </ClCompile>
    <ClCompile Include="문제 3-4 영수증.cpp">
      <Filter>소스 파일</Filter>
    </ClCompile>
    <ClCompile Include="문제 3-5.cpp">
      <Filter>소스 파일</Filter>
    </ClCompile>
    <ClCompile Include="문제 3-6 빠른 A+B.cpp">
      <Filter>소스 파일</Filter>
    </ClCompile>
    <ClCompile Include="문제 3-7 A+B -7.cpp">
      <Filter>소스 파일</Filter>
    </ClCompile>
    <ClCompile Include="문제 3-8 A+B -8.cpp">
      <Filter>소스 파일</Filter>
    </ClCompile>
    <ClCompile Include="문제 3-9 별 찍기.cpp">
      <Filter>소스 파일</Filter>
    </ClCompile>
    <ClCompile Include="문제 3-10 별 찍기-2.cpp">
      <Filter>소스 파일</Filter>
    </ClCompile>
    <ClCompile Include="문제 3-11 A+B -5.cpp">
      <Filter>소스 파일</Filter>
    </ClCompile>
    <ClCompile Include="문제 3-12 A+B -4.cpp">
      <Filter>소스 파일</Filter>
    </ClCompile>
    <ClCompile Include="4-1 개수 세기.cpp">
      <Filter>소스 파일</Filter>
    </ClCompile>
    <ClCompile Include="4-2 X보다 작은 수.cpp">
      <Filter>소스 파일</Filter>
    </ClCompile>
    <ClCompile Include="문제 4-3 최소, 최대.cpp">
      <Filter>소스 파일</Filter>
    </ClCompile>
    <ClCompile Include="문제 4-4 최댓값.cpp">
      <Filter>소스 파일</Filter>
    </ClCompile>
    <ClCompile Include="문제 4-5 공넣기.cpp">
      <Filter>소스 파일</Filter>
    </ClCompile>
    <ClCompile Include="문제4-6_공바꾸기.cpp">
      <Filter>소스 파일</Filter>
    </ClCompile>
    <ClCompile Include="문제4-7_과제.cpp">
      <Filter>소스 파일</Filter>
    </ClCompile>
    <ClCompile Include="문제4-8나머지개수.cpp">
      <Filter>소스 파일</Filter>
    </ClCompile>
    <ClCompile Include="문제4-9_바구니뒤집기.cpp">
      <Filter>소스 파일</Filter>
    </ClCompile>
    <ClCompile Include="문제4-10_평균수정.cpp">
      <Filter>소스 파일</Filter>
    </ClCompile>
    <ClCompile Include="문제5-1_문자와문자열.cpp">
      <Filter>소스 파일</Filter>
    </ClCompile>
    <ClCompile Include="문제5-2_단어길이재기.cpp">
      <Filter>소스 파일</Filter>
    </ClCompile>
    <ClCompile Include="문제5-3_문자열(첫,마지막글자).cpp">
      <Filter>소스 파일</Filter>
    </ClCompile>
    <ClCompile Include="문제5-4_아스키코드.cpp">
      <Filter>소스 파일</Filter>
    </ClCompile>
    <ClCompile Include="문제5-5_숫자합.cpp">
      <Filter>소스 파일</Filter>
    </ClCompile>
    <ClCompile Include="문제5-7_문자열반복.cpp">
      <Filter>소스 파일</Filter>
    </ClCompile>
    <ClCompile Include="문제5-8_단어의개수.cpp">
      <Filter>소스 파일</Filter>
    </ClCompile>
    <ClCompile Include="문제5-9_상수%28문자역순%29.cpp">
      <Filter>소스 파일</Filter>
    </ClCompile>
    <ClCompile Include="문제5-10_다이얼.cpp">
      <Filter>소스 파일</Filter>
    </ClCompile>
    <ClCompile Include="문제6-2_킹,퀸.cpp">
      <Filter>소스 파일</Filter>
    </ClCompile>
    <ClCompile Include="백준_그리디알고리즘_ATM(11399).cpp">
      <Filter>소스 파일\그리디알고리즘</Filter>
    </ClCompile>
    <ClCompile Include="백준_그리디알고리즘_동전0(11047).cpp">
      <Filter>소스 파일\그리디알고리즘</Filter>
    </ClCompile>
    <ClCompile Include="백준_그리디알고리즘_설탕배달(2839).cpp">
      <Filter>소스 파일\그리디알고리즘</Filter>
    </ClCompile>
    <ClCompile Include="백준_그리디알고리즘_잃어버린괄호(1541).cpp">
      <Filter>소스 파일\그리디알고리즘</Filter>
    </ClCompile>
    <ClCompile Include="백준_그리디알고리즘_회의실(1931).cpp">
      <Filter>소스 파일\그리디알고리즘</Filter>
    </ClCompile>
    <ClCompile Include="백준_그리디알고리즘_보물(1026).cpp">
      <Filter>소스 파일\그리디알고리즘</Filter>
    </ClCompile>
    <ClCompile Include="백준_그리디알고리즘_거스름돈(5585).cpp">
      <Filter>소스 파일\그리디알고리즘</Filter>
    </ClCompile>
    <ClCompile Include="백준_그리디알고리즘_로프(2217).cpp">
      <Filter>소스 파일\그리디알고리즘</Filter>
    </ClCompile>
  </ItemGroup>
</Project>